// !$*UTF8*$!
{
	archiveVersion = 1;
	classes = {
	};
	objectVersion = 46;
	objects = {

/* Begin PBXBuildFile section */
		CEFF65C71CE8514F00D8F989 /* AppDelegate.swift in Sources */ = {isa = PBXBuildFile; fileRef = CEFF65C61CE8514F00D8F989 /* AppDelegate.swift */; };
		CEFF65C91CE8514F00D8F989 /* ViewController.swift in Sources */ = {isa = PBXBuildFile; fileRef = CEFF65C81CE8514F00D8F989 /* ViewController.swift */; };
		CEFF65CC1CE8514F00D8F989 /* Main.storyboard in Resources */ = {isa = PBXBuildFile; fileRef = CEFF65CA1CE8514F00D8F989 /* Main.storyboard */; };
		CEFF65CE1CE8514F00D8F989 /* Assets.xcassets in Resources */ = {isa = PBXBuildFile; fileRef = CEFF65CD1CE8514F00D8F989 /* Assets.xcassets */; };
		CEFF65D11CE8514F00D8F989 /* LaunchScreen.storyboard in Resources */ = {isa = PBXBuildFile; fileRef = CEFF65CF1CE8514F00D8F989 /* LaunchScreen.storyboard */; };
		CEFF65DC1CE8515000D8F989 /* AAAlertControllerTests.swift in Sources */ = {isa = PBXBuildFile; fileRef = CEFF65DB1CE8515000D8F989 /* AAAlertControllerTests.swift */; };
		CEFF65E71CE8515000D8F989 /* AAAlertControllerUITests.swift in Sources */ = {isa = PBXBuildFile; fileRef = CEFF65E61CE8515000D8F989 /* AAAlertControllerUITests.swift */; };
		CEFF65F71CE8519900D8F989 /* AAAlertController.swift in Sources */ = {isa = PBXBuildFile; fileRef = CEFF65F51CE8519900D8F989 /* AAAlertController.swift */; };
		CEFF65F81CE8519900D8F989 /* AAAlertController.xib in Resources */ = {isa = PBXBuildFile; fileRef = CEFF65F61CE8519900D8F989 /* AAAlertController.xib */; };
		CEFF65FA1CE85C0500D8F989 /* AAAlertInterface.swift in Sources */ = {isa = PBXBuildFile; fileRef = CEFF65F91CE85C0500D8F989 /* AAAlertInterface.swift */; };
/* End PBXBuildFile section */

/* Begin PBXContainerItemProxy section */
		CEFF65D81CE8515000D8F989 /* PBXContainerItemProxy */ = {
			isa = PBXContainerItemProxy;
			containerPortal = CEFF65BB1CE8514F00D8F989 /* Project object */;
			proxyType = 1;
			remoteGlobalIDString = CEFF65C21CE8514F00D8F989;
			remoteInfo = AAAlertController;
		};
		CEFF65E31CE8515000D8F989 /* PBXContainerItemProxy */ = {
			isa = PBXContainerItemProxy;
			containerPortal = CEFF65BB1CE8514F00D8F989 /* Project object */;
			proxyType = 1;
			remoteGlobalIDString = CEFF65C21CE8514F00D8F989;
			remoteInfo = AAAlertController;
		};
/* End PBXContainerItemProxy section */

/* Begin PBXFileReference section */
		CEFF65C31CE8514F00D8F989 /* AAAlertController.app */ = {isa = PBXFileReference; explicitFileType = wrapper.application; includeInIndex = 0; path = AAAlertController.app; sourceTree = BUILT_PRODUCTS_DIR; };
		CEFF65C61CE8514F00D8F989 /* AppDelegate.swift */ = {isa = PBXFileReference; lastKnownFileType = sourcecode.swift; path = AppDelegate.swift; sourceTree = "<group>"; };
		CEFF65C81CE8514F00D8F989 /* ViewController.swift */ = {isa = PBXFileReference; lastKnownFileType = sourcecode.swift; path = ViewController.swift; sourceTree = "<group>"; };
		CEFF65CB1CE8514F00D8F989 /* Base */ = {isa = PBXFileReference; lastKnownFileType = file.storyboard; name = Base; path = Base.lproj/Main.storyboard; sourceTree = "<group>"; };
		CEFF65CD1CE8514F00D8F989 /* Assets.xcassets */ = {isa = PBXFileReference; lastKnownFileType = folder.assetcatalog; path = Assets.xcassets; sourceTree = "<group>"; };
		CEFF65D01CE8514F00D8F989 /* Base */ = {isa = PBXFileReference; lastKnownFileType = file.storyboard; name = Base; path = Base.lproj/LaunchScreen.storyboard; sourceTree = "<group>"; };
		CEFF65D21CE8514F00D8F989 /* Info.plist */ = {isa = PBXFileReference; lastKnownFileType = text.plist.xml; path = Info.plist; sourceTree = "<group>"; };
		CEFF65D71CE8515000D8F989 /* AAAlertControllerTests.xctest */ = {isa = PBXFileReference; explicitFileType = wrapper.cfbundle; includeInIndex = 0; path = AAAlertControllerTests.xctest; sourceTree = BUILT_PRODUCTS_DIR; };
		CEFF65DB1CE8515000D8F989 /* AAAlertControllerTests.swift */ = {isa = PBXFileReference; lastKnownFileType = sourcecode.swift; path = AAAlertControllerTests.swift; sourceTree = "<group>"; };
		CEFF65DD1CE8515000D8F989 /* Info.plist */ = {isa = PBXFileReference; lastKnownFileType = text.plist.xml; path = Info.plist; sourceTree = "<group>"; };
		CEFF65E21CE8515000D8F989 /* AAAlertControllerUITests.xctest */ = {isa = PBXFileReference; explicitFileType = wrapper.cfbundle; includeInIndex = 0; path = AAAlertControllerUITests.xctest; sourceTree = BUILT_PRODUCTS_DIR; };
		CEFF65E61CE8515000D8F989 /* AAAlertControllerUITests.swift */ = {isa = PBXFileReference; lastKnownFileType = sourcecode.swift; path = AAAlertControllerUITests.swift; sourceTree = "<group>"; };
		CEFF65E81CE8515000D8F989 /* Info.plist */ = {isa = PBXFileReference; lastKnownFileType = text.plist.xml; path = Info.plist; sourceTree = "<group>"; };
		CEFF65F51CE8519900D8F989 /* AAAlertController.swift */ = {isa = PBXFileReference; fileEncoding = 4; lastKnownFileType = sourcecode.swift; name = AAAlertController.swift; path = Classes/AAAlertController.swift; sourceTree = "<group>"; };
		CEFF65F61CE8519900D8F989 /* AAAlertController.xib */ = {isa = PBXFileReference; fileEncoding = 4; lastKnownFileType = file.xib; name = AAAlertController.xib; path = Classes/AAAlertController.xib; sourceTree = "<group>"; };
		CEFF65F91CE85C0500D8F989 /* AAAlertInterface.swift */ = {isa = PBXFileReference; fileEncoding = 4; lastKnownFileType = sourcecode.swift; name = AAAlertInterface.swift; path = Classes/AAAlertInterface.swift; sourceTree = "<group>"; };
/* End PBXFileReference section */

/* Begin PBXFrameworksBuildPhase section */
		CEFF65C01CE8514F00D8F989 /* Frameworks */ = {
			isa = PBXFrameworksBuildPhase;
			buildActionMask = 2147483647;
			files = (
			);
			runOnlyForDeploymentPostprocessing = 0;
		};
		CEFF65D41CE8515000D8F989 /* Frameworks */ = {
			isa = PBXFrameworksBuildPhase;
			buildActionMask = 2147483647;
			files = (
			);
			runOnlyForDeploymentPostprocessing = 0;
		};
		CEFF65DF1CE8515000D8F989 /* Frameworks */ = {
			isa = PBXFrameworksBuildPhase;
			buildActionMask = 2147483647;
			files = (
			);
			runOnlyForDeploymentPostprocessing = 0;
		};
/* End PBXFrameworksBuildPhase section */

/* Begin PBXGroup section */
		CEFF65BA1CE8514F00D8F989 = {
			isa = PBXGroup;
			children = (
				CEFF65C51CE8514F00D8F989 /* AAAlertController */,
				CEFF65DA1CE8515000D8F989 /* AAAlertControllerTests */,
				CEFF65E51CE8515000D8F989 /* AAAlertControllerUITests */,
				CEFF65C41CE8514F00D8F989 /* Products */,
			);
			sourceTree = "<group>";
		};
		CEFF65C41CE8514F00D8F989 /* Products */ = {
			isa = PBXGroup;
			children = (
				CEFF65C31CE8514F00D8F989 /* AAAlertController.app */,
				CEFF65D71CE8515000D8F989 /* AAAlertControllerTests.xctest */,
				CEFF65E21CE8515000D8F989 /* AAAlertControllerUITests.xctest */,
			);
			name = Products;
			sourceTree = "<group>";
		};
		CEFF65C51CE8514F00D8F989 /* AAAlertController */ = {
			isa = PBXGroup;
			children = (
				CEFF65F41CE8518800D8F989 /* Classes */,
				CEFF65C61CE8514F00D8F989 /* AppDelegate.swift */,
				CEFF65C81CE8514F00D8F989 /* ViewController.swift */,
				CEFF65CA1CE8514F00D8F989 /* Main.storyboard */,
				CEFF65CD1CE8514F00D8F989 /* Assets.xcassets */,
				CEFF65CF1CE8514F00D8F989 /* LaunchScreen.storyboard */,
				CEFF65D21CE8514F00D8F989 /* Info.plist */,
			);
			path = AAAlertController;
			sourceTree = "<group>";
		};
		CEFF65DA1CE8515000D8F989 /* AAAlertControllerTests */ = {
			isa = PBXGroup;
			children = (
				CEFF65DB1CE8515000D8F989 /* AAAlertControllerTests.swift */,
				CEFF65DD1CE8515000D8F989 /* Info.plist */,
			);
			path = AAAlertControllerTests;
			sourceTree = "<group>";
		};
		CEFF65E51CE8515000D8F989 /* AAAlertControllerUITests */ = {
			isa = PBXGroup;
			children = (
				CEFF65E61CE8515000D8F989 /* AAAlertControllerUITests.swift */,
				CEFF65E81CE8515000D8F989 /* Info.plist */,
			);
			path = AAAlertControllerUITests;
			sourceTree = "<group>";
		};
		CEFF65F41CE8518800D8F989 /* Classes */ = {
			isa = PBXGroup;
			children = (
				CEFF65F51CE8519900D8F989 /* AAAlertController.swift */,
				CEFF65F61CE8519900D8F989 /* AAAlertController.xib */,
				CEFF65F91CE85C0500D8F989 /* AAAlertInterface.swift */,
			);
			name = Classes;
			sourceTree = "<group>";
		};
/* End PBXGroup section */

/* Begin PBXNativeTarget section */
		CEFF65C21CE8514F00D8F989 /* AAAlertController */ = {
			isa = PBXNativeTarget;
			buildConfigurationList = CEFF65EB1CE8515000D8F989 /* Build configuration list for PBXNativeTarget "AAAlertController" */;
			buildPhases = (
				CEFF65BF1CE8514F00D8F989 /* Sources */,
				CEFF65C01CE8514F00D8F989 /* Frameworks */,
				CEFF65C11CE8514F00D8F989 /* Resources */,
			);
			buildRules = (
			);
			dependencies = (
			);
			name = AAAlertController;
			productName = AAAlertController;
			productReference = CEFF65C31CE8514F00D8F989 /* AAAlertController.app */;
			productType = "com.apple.product-type.application";
		};
		CEFF65D61CE8515000D8F989 /* AAAlertControllerTests */ = {
			isa = PBXNativeTarget;
			buildConfigurationList = CEFF65EE1CE8515000D8F989 /* Build configuration list for PBXNativeTarget "AAAlertControllerTests" */;
			buildPhases = (
				CEFF65D31CE8515000D8F989 /* Sources */,
				CEFF65D41CE8515000D8F989 /* Frameworks */,
				CEFF65D51CE8515000D8F989 /* Resources */,
			);
			buildRules = (
			);
			dependencies = (
				CEFF65D91CE8515000D8F989 /* PBXTargetDependency */,
			);
			name = AAAlertControllerTests;
			productName = AAAlertControllerTests;
			productReference = CEFF65D71CE8515000D8F989 /* AAAlertControllerTests.xctest */;
			productType = "com.apple.product-type.bundle.unit-test";
		};
		CEFF65E11CE8515000D8F989 /* AAAlertControllerUITests */ = {
			isa = PBXNativeTarget;
			buildConfigurationList = CEFF65F11CE8515000D8F989 /* Build configuration list for PBXNativeTarget "AAAlertControllerUITests" */;
			buildPhases = (
				CEFF65DE1CE8515000D8F989 /* Sources */,
				CEFF65DF1CE8515000D8F989 /* Frameworks */,
				CEFF65E01CE8515000D8F989 /* Resources */,
			);
			buildRules = (
			);
			dependencies = (
				CEFF65E41CE8515000D8F989 /* PBXTargetDependency */,
			);
			name = AAAlertControllerUITests;
			productName = AAAlertControllerUITests;
			productReference = CEFF65E21CE8515000D8F989 /* AAAlertControllerUITests.xctest */;
			productType = "com.apple.product-type.bundle.ui-testing";
		};
/* End PBXNativeTarget section */

/* Begin PBXProject section */
		CEFF65BB1CE8514F00D8F989 /* Project object */ = {
			isa = PBXProject;
			attributes = {
				LastSwiftUpdateCheck = 0730;
				LastUpgradeCheck = 0730;
				ORGANIZATIONNAME = AaoIi;
				TargetAttributes = {
					CEFF65C21CE8514F00D8F989 = {
						CreatedOnToolsVersion = 7.3;
						DevelopmentTeam = EL8QLDL766;
					};
					CEFF65D61CE8515000D8F989 = {
						CreatedOnToolsVersion = 7.3;
						TestTargetID = CEFF65C21CE8514F00D8F989;
					};
					CEFF65E11CE8515000D8F989 = {
						CreatedOnToolsVersion = 7.3;
						TestTargetID = CEFF65C21CE8514F00D8F989;
					};
				};
			};
			buildConfigurationList = CEFF65BE1CE8514F00D8F989 /* Build configuration list for PBXProject "AAAlertController" */;
			compatibilityVersion = "Xcode 3.2";
			developmentRegion = English;
			hasScannedForEncodings = 0;
			knownRegions = (
				en,
				Base,
			);
			mainGroup = CEFF65BA1CE8514F00D8F989;
			productRefGroup = CEFF65C41CE8514F00D8F989 /* Products */;
			projectDirPath = "";
			projectRoot = "";
			targets = (
				CEFF65C21CE8514F00D8F989 /* AAAlertController */,
				CEFF65D61CE8515000D8F989 /* AAAlertControllerTests */,
				CEFF65E11CE8515000D8F989 /* AAAlertControllerUITests */,
			);
		};
/* End PBXProject section */

/* Begin PBXResourcesBuildPhase section */
		CEFF65C11CE8514F00D8F989 /* Resources */ = {
			isa = PBXResourcesBuildPhase;
			buildActionMask = 2147483647;
			files = (
				CEFF65D11CE8514F00D8F989 /* LaunchScreen.storyboard in Resources */,
				CEFF65CE1CE8514F00D8F989 /* Assets.xcassets in Resources */,
				CEFF65F81CE8519900D8F989 /* AAAlertController.xib in Resources */,
				CEFF65CC1CE8514F00D8F989 /* Main.storyboard in Resources */,
			);
			runOnlyForDeploymentPostprocessing = 0;
		};
		CEFF65D51CE8515000D8F989 /* Resources */ = {
			isa = PBXResourcesBuildPhase;
			buildActionMask = 2147483647;
			files = (
			);
			runOnlyForDeploymentPostprocessing = 0;
		};
		CEFF65E01CE8515000D8F989 /* Resources */ = {
			isa = PBXResourcesBuildPhase;
			buildActionMask = 2147483647;
			files = (
			);
			runOnlyForDeploymentPostprocessing = 0;
		};
/* End PBXResourcesBuildPhase section */

/* Begin PBXSourcesBuildPhase section */
		CEFF65BF1CE8514F00D8F989 /* Sources */ = {
			isa = PBXSourcesBuildPhase;
			buildActionMask = 2147483647;
			files = (
				CEFF65FA1CE85C0500D8F989 /* AAAlertInterface.swift in Sources */,
				CEFF65C91CE8514F00D8F989 /* ViewController.swift in Sources */,
				CEFF65F71CE8519900D8F989 /* AAAlertController.swift in Sources */,
				CEFF65C71CE8514F00D8F989 /* AppDelegate.swift in Sources */,
			);
			runOnlyForDeploymentPostprocessing = 0;
		};
		CEFF65D31CE8515000D8F989 /* Sources */ = {
			isa = PBXSourcesBuildPhase;
			buildActionMask = 2147483647;
			files = (
				CEFF65DC1CE8515000D8F989 /* AAAlertControllerTests.swift in Sources */,
			);
			runOnlyForDeploymentPostprocessing = 0;
		};
		CEFF65DE1CE8515000D8F989 /* Sources */ = {
			isa = PBXSourcesBuildPhase;
			buildActionMask = 2147483647;
			files = (
				CEFF65E71CE8515000D8F989 /* AAAlertControllerUITests.swift in Sources */,
			);
			runOnlyForDeploymentPostprocessing = 0;
		};
/* End PBXSourcesBuildPhase section */

/* Begin PBXTargetDependency section */
		CEFF65D91CE8515000D8F989 /* PBXTargetDependency */ = {
			isa = PBXTargetDependency;
			target = CEFF65C21CE8514F00D8F989 /* AAAlertController */;
			targetProxy = CEFF65D81CE8515000D8F989 /* PBXContainerItemProxy */;
		};
		CEFF65E41CE8515000D8F989 /* PBXTargetDependency */ = {
			isa = PBXTargetDependency;
			target = CEFF65C21CE8514F00D8F989 /* AAAlertController */;
			targetProxy = CEFF65E31CE8515000D8F989 /* PBXContainerItemProxy */;
		};
/* End PBXTargetDependency section */

/* Begin PBXVariantGroup section */
		CEFF65CA1CE8514F00D8F989 /* Main.storyboard */ = {
			isa = PBXVariantGroup;
			children = (
				CEFF65CB1CE8514F00D8F989 /* Base */,
			);
			name = Main.storyboard;
			sourceTree = "<group>";
		};
		CEFF65CF1CE8514F00D8F989 /* LaunchScreen.storyboard */ = {
			isa = PBXVariantGroup;
			children = (
				CEFF65D01CE8514F00D8F989 /* Base */,
			);
			name = LaunchScreen.storyboard;
			sourceTree = "<group>";
		};
/* End PBXVariantGroup section */

/* Begin XCBuildConfiguration section */
		CEFF65E91CE8515000D8F989 /* Debug */ = {
			isa = XCBuildConfiguration;
			buildSettings = {
				ALWAYS_SEARCH_USER_PATHS = NO;
				CLANG_ANALYZER_NONNULL = YES;
				CLANG_CXX_LANGUAGE_STANDARD = "gnu++0x";
				CLANG_CXX_LIBRARY = "libc++";
				CLANG_ENABLE_MODULES = YES;
				CLANG_ENABLE_OBJC_ARC = YES;
				CLANG_WARN_BOOL_CONVERSION = YES;
				CLANG_WARN_CONSTANT_CONVERSION = YES;
				CLANG_WARN_DIRECT_OBJC_ISA_USAGE = YES_ERROR;
				CLANG_WARN_EMPTY_BODY = YES;
				CLANG_WARN_ENUM_CONVERSION = YES;
				CLANG_WARN_INT_CONVERSION = YES;
				CLANG_WARN_OBJC_ROOT_CLASS = YES_ERROR;
				CLANG_WARN_UNREACHABLE_CODE = YES;
				CLANG_WARN__DUPLICATE_METHOD_MATCH = YES;
				"CODE_SIGN_IDENTITY[sdk=iphoneos*]" = "iPhone Developer";
				COPY_PHASE_STRIP = NO;
				DEBUG_INFORMATION_FORMAT = dwarf;
				ENABLE_STRICT_OBJC_MSGSEND = YES;
				ENABLE_TESTABILITY = YES;
				GCC_C_LANGUAGE_STANDARD = gnu99;
				GCC_DYNAMIC_NO_PIC = NO;
				GCC_NO_COMMON_BLOCKS = YES;
				GCC_OPTIMIZATION_LEVEL = 0;
				GCC_PREPROCESSOR_DEFINITIONS = (
					"DEBUG=1",
					"$(inherited)",
				);
				GCC_WARN_64_TO_32_BIT_CONVERSION = YES;
				GCC_WARN_ABOUT_RETURN_TYPE = YES_ERROR;
				GCC_WARN_UNDECLARED_SELECTOR = YES;
				GCC_WARN_UNINITIALIZED_AUTOS = YES_AGGRESSIVE;
				GCC_WARN_UNUSED_FUNCTION = YES;
				GCC_WARN_UNUSED_VARIABLE = YES;
				IPHONEOS_DEPLOYMENT_TARGET = 9.3;
				MTL_ENABLE_DEBUG_INFO = YES;
				ONLY_ACTIVE_ARCH = YES;
				SDKROOT = iphoneos;
				SWIFT_OPTIMIZATION_LEVEL = "-Onone";
			};
			name = Debug;
		};
		CEFF65EA1CE8515000D8F989 /* Release */ = {
			isa = XCBuildConfiguration;
			buildSettings = {
				ALWAYS_SEARCH_USER_PATHS = NO;
				CLANG_ANALYZER_NONNULL = YES;
				CLANG_CXX_LANGUAGE_STANDARD = "gnu++0x";
				CLANG_CXX_LIBRARY = "libc++";
				CLANG_ENABLE_MODULES = YES;
				CLANG_ENABLE_OBJC_ARC = YES;
				CLANG_WARN_BOOL_CONVERSION = YES;
				CLANG_WARN_CONSTANT_CONVERSION = YES;
				CLANG_WARN_DIRECT_OBJC_ISA_USAGE = YES_ERROR;
				CLANG_WARN_EMPTY_BODY = YES;
				CLANG_WARN_ENUM_CONVERSION = YES;
				CLANG_WARN_INT_CONVERSION = YES;
				CLANG_WARN_OBJC_ROOT_CLASS = YES_ERROR;
				CLANG_WARN_UNREACHABLE_CODE = YES;
				CLANG_WARN__DUPLICATE_METHOD_MATCH = YES;
				"CODE_SIGN_IDENTITY[sdk=iphoneos*]" = "iPhone Developer";
				COPY_PHASE_STRIP = NO;
				DEBUG_INFORMATION_FORMAT = "dwarf-with-dsym";
				ENABLE_NS_ASSERTIONS = NO;
				ENABLE_STRICT_OBJC_MSGSEND = YES;
				GCC_C_LANGUAGE_STANDARD = gnu99;
				GCC_NO_COMMON_BLOCKS = YES;
				GCC_WARN_64_TO_32_BIT_CONVERSION = YES;
				GCC_WARN_ABOUT_RETURN_TYPE = YES_ERROR;
				GCC_WARN_UNDECLARED_SELECTOR = YES;
				GCC_WARN_UNINITIALIZED_AUTOS = YES_AGGRESSIVE;
				GCC_WARN_UNUSED_FUNCTION = YES;
				GCC_WARN_UNUSED_VARIABLE = YES;
				IPHONEOS_DEPLOYMENT_TARGET = 9.3;
				MTL_ENABLE_DEBUG_INFO = NO;
				SDKROOT = iphoneos;
				VALIDATE_PRODUCT = YES;
			};
			name = Release;
		};
		CEFF65EC1CE8515000D8F989 /* Debug */ = {
			isa = XCBuildConfiguration;
			buildSettings = {
				ASSETCATALOG_COMPILER_APPICON_NAME = AppIcon;
				CODE_SIGN_IDENTITY = "iPhone Developer";
				"CODE_SIGN_IDENTITY[sdk=iphoneos*]" = "iPhone Developer";
				INFOPLIST_FILE = AAAlertController/Info.plist;
				LD_RUNPATH_SEARCH_PATHS = "$(inherited) @executable_path/Frameworks";
				PRODUCT_BUNDLE_IDENTIFIER = com.AaoIi.AAAlertController;
				PRODUCT_NAME = "$(TARGET_NAME)";
				PROVISIONING_PROFILE = "";
			};
			name = Debug;
		};
		CEFF65ED1CE8515000D8F989 /* Release */ = {
			isa = XCBuildConfiguration;
			buildSettings = {
				ASSETCATALOG_COMPILER_APPICON_NAME = AppIcon;
				CODE_SIGN_IDENTITY = "iPhone Developer";
				"CODE_SIGN_IDENTITY[sdk=iphoneos*]" = "iPhone Developer";
				INFOPLIST_FILE = AAAlertController/Info.plist;
				LD_RUNPATH_SEARCH_PATHS = "$(inherited) @executable_path/Frameworks";
				PRODUCT_BUNDLE_IDENTIFIER = com.AaoIi.AAAlertController;
				PRODUCT_NAME = "$(TARGET_NAME)";
				PROVISIONING_PROFILE = "";
			};
			name = Release;
		};
		CEFF65EF1CE8515000D8F989 /* Debug */ = {
			isa = XCBuildConfiguration;
			buildSettings = {
				BUNDLE_LOADER = "$(TEST_HOST)";
				INFOPLIST_FILE = AAAlertControllerTests/Info.plist;
				LD_RUNPATH_SEARCH_PATHS = "$(inherited) @executable_path/Frameworks @loader_path/Frameworks";
				PRODUCT_BUNDLE_IDENTIFIER = com.AaoIi.AAAlertControllerTests;
				PRODUCT_NAME = "$(TARGET_NAME)";
				TEST_HOST = "$(BUILT_PRODUCTS_DIR)/AAAlertController.app/AAAlertController";
			};
			name = Debug;
		};
		CEFF65F01CE8515000D8F989 /* Release */ = {
			isa = XCBuildConfiguration;
			buildSettings = {
				BUNDLE_LOADER = "$(TEST_HOST)";
				INFOPLIST_FILE = AAAlertControllerTests/Info.plist;
				LD_RUNPATH_SEARCH_PATHS = "$(inherited) @executable_path/Frameworks @loader_path/Frameworks";
				PRODUCT_BUNDLE_IDENTIFIER = com.AaoIi.AAAlertControllerTests;
				PRODUCT_NAME = "$(TARGET_NAME)";
				TEST_HOST = "$(BUILT_PRODUCTS_DIR)/AAAlertController.app/AAAlertController";
			};
			name = Release;
		};
		CEFF65F21CE8515000D8F989 /* Debug */ = {
			isa = XCBuildConfiguration;
			buildSettings = {
				INFOPLIST_FILE = AAAlertControllerUITests/Info.plist;
				LD_RUNPATH_SEARCH_PATHS = "$(inherited) @executable_path/Frameworks @loader_path/Frameworks";
				PRODUCT_BUNDLE_IDENTIFIER = com.AaoIi.AAAlertControllerUITests;
				PRODUCT_NAME = "$(TARGET_NAME)";
				TEST_TARGET_NAME = AAAlertController;
			};
			name = Debug;
		};
		CEFF65F31CE8515000D8F989 /* Release */ = {
			isa = XCBuildConfiguration;
			buildSettings = {
				INFOPLIST_FILE = AAAlertControllerUITests/Info.plist;
				LD_RUNPATH_SEARCH_PATHS = "$(inherited) @executable_path/Frameworks @loader_path/Frameworks";
				PRODUCT_BUNDLE_IDENTIFIER = com.AaoIi.AAAlertControllerUITests;
				PRODUCT_NAME = "$(TARGET_NAME)";
				TEST_TARGET_NAME = AAAlertController;
			};
			name = Release;
		};
/* End XCBuildConfiguration section */

/* Begin XCConfigurationList section */
		CEFF65BE1CE8514F00D8F989 /* Build configuration list for PBXProject "AAAlertController" */ = {
			isa = XCConfigurationList;
			buildConfigurations = (
				CEFF65E91CE8515000D8F989 /* Debug */,
				CEFF65EA1CE8515000D8F989 /* Release */,
			);
			defaultConfigurationIsVisible = 0;
			defaultConfigurationName = Release;
		};
		CEFF65EB1CE8515000D8F989 /* Build configuration list for PBXNativeTarget "AAAlertController" */ = {
			isa = XCConfigurationList;
			buildConfigurations = (
				CEFF65EC1CE8515000D8F989 /* Debug */,
				CEFF65ED1CE8515000D8F989 /* Release */,
			);
			defaultConfigurationIsVisible = 0;
			defaultConfigurationName = Release;
		};
		CEFF65EE1CE8515000D8F989 /* Build configuration list for PBXNativeTarget "AAAlertControllerTests" */ = {
			isa = XCConfigurationList;
			buildConfigurations = (
				CEFF65EF1CE8515000D8F989 /* Debug */,
				CEFF65F01CE8515000D8F989 /* Release */,
			);
			defaultConfigurationIsVisible = 0;
			defaultConfigurationName = Release;
		};
		CEFF65F11CE8515000D8F989 /* Build configuration list for PBXNativeTarget "AAAlertControllerUITests" */ = {
			isa = XCConfigurationList;
			buildConfigurations = (
				CEFF65F21CE8515000D8F989 /* Debug */,
				CEFF65F31CE8515000D8F989 /* Release */,
			);
			defaultConfigurationIsVisible = 0;
			defaultConfigurationName = Release;
		};
/* End XCConfigurationList section */
	};
	rootObject = CEFF65BB1CE8514F00D8F989 /* Project object */;
}
